
Microsoft Visual Studio Solution File, Format Version 12.00
# Visual Studio Version 17
VisualStudioVersion = 17.11.35312.102
MinimumVisualStudioVersion = 10.0.40219.1
Project("{9A19103F-16F7-4668-BE54-9A1E7A4F7556}") = "WebLab1", "WebLab1.csproj", "{31C07AC0-CD04-48D5-B215-E5F2FA0AF6FA}"
EndProject
Global
	GlobalSection(SolutionConfigurationPlatforms) = preSolution
		Debug|Any CPU = Debug|Any CPU
		Release|Any CPU = Release|Any CPU
	EndGlobalSection
	GlobalSection(ProjectConfigurationPlatforms) = postSolution
		{31C07AC0-CD04-48D5-B215-E5F2FA0AF6FA}.Debug|Any CPU.ActiveCfg = Debug|Any CPU
		{31C07AC0-CD04-48D5-B215-E5F2FA0AF6FA}.Debug|Any CPU.Build.0 = Debug|Any CPU
		{31C07AC0-CD04-48D5-B215-E5F2FA0AF6FA}.Release|Any CPU.ActiveCfg = Release|Any CPU
		{31C07AC0-CD04-48D5-B215-E5F2FA0AF6FA}.Release|Any CPU.Build.0 = Release|Any CPU
	EndGlobalSection
	GlobalSection(SolutionProperties) = preSolution
		HideSolutionNode = FALSE
	EndGlobalSection
	GlobalSection(ExtensibilityGlobals) = postSolution
		SolutionGuid = {19AEDBA7-2F88-4BED-80B3-3C4BF1F204B6}
	EndGlobalSection
EndGlobal
